# This file is automatically @generated by Cargo.
# It is not intended for manual editing.
version = 4

[[package]]
name = "fe-compiler"
version = "0.1.0"
dependencies = [
 "fe-lang",
 "fe-runtime",
]

[[package]]
name = "fe-lang"
version = "0.1.0"

[[package]]
name = "fe-runtime"
version = "0.1.0"
